
Microsoft Visual Studio Solution File, Format Version 11.00
# Visual Studio 2010
Project("{8BC9CEB8-8B4A-11D0-8D11-00A0C91BC942}") = "findintersection", "findintersection\findintersection.vcxproj", "{1E1DC8CB-74D4-42FD-8F2A-E7F4AE6AB648}"
EndProject
Global
	GlobalSection(SolutionConfigurationPlatforms) = preSolution
		Debug|Win32 = Debug|Win32
		Release|Win32 = Release|Win32
	EndGlobalSection
	GlobalSection(ProjectConfigurationPlatforms) = postSolution
		{1E1DC8CB-74D4-42FD-8F2A-E7F4AE6AB648}.Debug|Win32.ActiveCfg = Debug|Win32
		{1E1DC8CB-74D4-42FD-8F2A-E7F4AE6AB648}.Debug|Win32.Build.0 = Debug|Win32
		{1E1DC8CB-74D4-42FD-8F2A-E7F4AE6AB648}.Release|Win32.ActiveCfg = Release|Win32
		{1E1DC8CB-74D4-42FD-8F2A-E7F4AE6AB648}.Release|Win32.Build.0 = Release|Win32
	EndGlobalSection
	GlobalSection(SolutionProperties) = preSolution
		HideSolutionNode = FALSE
	EndGlobalSection
EndGlobal
