<?xml version="1.0" encoding="utf-8"?>
<Project ToolsVersion="4.0" xmlns="http://schemas.microsoft.com/developer/msbuild/2003">
  <ItemGroup>
    <Filter Include="源文件">
      <UniqueIdentifier>{4FC737F1-C7A5-4376-A066-2A32D752A2FF}</UniqueIdentifier>
      <Extensions>cpp;c;cc;cxx;def;odl;idl;hpj;bat;asm;asmx</Extensions>
    </Filter>
    <Filter Include="头文件">
      <UniqueIdentifier>{93995380-89BD-4b04-88EB-625FBE52EBFB}</UniqueIdentifier>
      <Extensions>h;hpp;hxx;hm;inl;inc;xsd</Extensions>
    </Filter>
    <Filter Include="资源文件">
      <UniqueIdentifier>{67DA6AB6-F800-4c08-8B7A-83BB121AAD01}</UniqueIdentifier>
      <Extensions>rc;ico;cur;bmp;dlg;rc2;rct;bin;rgs;gif;jpg;jpeg;jpe;resx;tiff;tif;png;wav;mfcribbon-ms</Extensions>
    </Filter>
    <Filter Include="TUIO">
      <UniqueIdentifier>{1c7d1480-f95d-4843-8ff4-048871122c7d}</UniqueIdentifier>
    </Filter>
  </ItemGroup>
  <ItemGroup>
    <ClCompile Include="main.cpp">
      <Filter>源文件</Filter>
    </ClCompile>
    <ClCompile Include="..\..\..\3rdparty\TUIO_CPP\TUIO\TuioClient.cpp">
      <Filter>TUIO</Filter>
    </ClCompile>
    <ClCompile Include="..\..\..\3rdparty\TUIO_CPP\TUIO\TuioServer.cpp">
      <Filter>TUIO</Filter>
    </ClCompile>
    <ClCompile Include="..\..\..\3rdparty\TUIO_CPP\TUIO\TuioTime.cpp">
      <Filter>TUIO</Filter>
    </ClCompile>
    <ClCompile Include="..\..\..\3rdparty\TUIO_CPP\oscpack\osc\OscOutboundPacketStream.cpp">
      <Filter>TUIO</Filter>
    </ClCompile>
    <ClCompile Include="..\..\..\3rdparty\TUIO_CPP\oscpack\osc\OscPrintReceivedElements.cpp">
      <Filter>TUIO</Filter>
    </ClCompile>
    <ClCompile Include="..\..\..\3rdparty\TUIO_CPP\oscpack\osc\OscReceivedElements.cpp">
      <Filter>TUIO</Filter>
    </ClCompile>
    <ClCompile Include="..\..\..\3rdparty\TUIO_CPP\oscpack\osc\OscTypes.cpp">
      <Filter>TUIO</Filter>
    </ClCompile>
    <ClCompile Include="..\..\..\3rdparty\TUIO_CPP\oscpack\ip\IpEndpointName.cpp">
      <Filter>TUIO</Filter>
    </ClCompile>
    <ClCompile Include="..\..\..\3rdparty\TUIO_CPP\oscpack\ip\win32\NetworkingUtils.cpp">
      <Filter>TUIO</Filter>
    </ClCompile>
    <ClCompile Include="..\..\..\3rdparty\TUIO_CPP\oscpack\ip\win32\UdpSocket.cpp">
      <Filter>TUIO</Filter>
    </ClCompile>
  </ItemGroup>
  <ItemGroup>
    <ClInclude Include="..\..\..\3rdparty\TUIO_CPP\TUIO\TuioClient.h">
      <Filter>TUIO</Filter>
    </ClInclude>
    <ClInclude Include="..\..\..\3rdparty\TUIO_CPP\TUIO\TuioContainer.h">
      <Filter>TUIO</Filter>
    </ClInclude>
    <ClInclude Include="..\..\..\3rdparty\TUIO_CPP\TUIO\TuioCursor.h">
      <Filter>TUIO</Filter>
    </ClInclude>
    <ClInclude Include="..\..\..\3rdparty\TUIO_CPP\TUIO\TuioListener.h">
      <Filter>TUIO</Filter>
    </ClInclude>
    <ClInclude Include="..\..\..\3rdparty\TUIO_CPP\TUIO\TuioObject.h">
      <Filter>TUIO</Filter>
    </ClInclude>
    <ClInclude Include="..\..\..\3rdparty\TUIO_CPP\TUIO\TuioPoint.h">
      <Filter>TUIO</Filter>
    </ClInclude>
    <ClInclude Include="..\..\..\3rdparty\TUIO_CPP\TUIO\TuioServer.h">
      <Filter>TUIO</Filter>
    </ClInclude>
    <ClInclude Include="..\..\..\3rdparty\TUIO_CPP\TUIO\TuioTime.h">
      <Filter>TUIO</Filter>
    </ClInclude>
    <ClInclude Include="..\..\..\3rdparty\TUIO_CPP\oscpack\osc\MessageMappingOscPacketListener.h">
      <Filter>TUIO</Filter>
    </ClInclude>
    <ClInclude Include="..\..\..\3rdparty\TUIO_CPP\oscpack\osc\OscException.h">
      <Filter>TUIO</Filter>
    </ClInclude>
    <ClInclude Include="..\..\..\3rdparty\TUIO_CPP\oscpack\osc\OscHostEndianness.h">
      <Filter>TUIO</Filter>
    </ClInclude>
    <ClInclude Include="..\..\..\3rdparty\TUIO_CPP\oscpack\osc\OscOutboundPacketStream.h">
      <Filter>TUIO</Filter>
    </ClInclude>
    <ClInclude Include="..\..\..\3rdparty\TUIO_CPP\oscpack\osc\OscPacketListener.h">
      <Filter>TUIO</Filter>
    </ClInclude>
    <ClInclude Include="..\..\..\3rdparty\TUIO_CPP\oscpack\osc\OscPrintReceivedElements.h">
      <Filter>TUIO</Filter>
    </ClInclude>
    <ClInclude Include="..\..\..\3rdparty\TUIO_CPP\oscpack\osc\OscReceivedElements.h">
      <Filter>TUIO</Filter>
    </ClInclude>
    <ClInclude Include="..\..\..\3rdparty\TUIO_CPP\oscpack\osc\OscTypes.h">
      <Filter>TUIO</Filter>
    </ClInclude>
    <ClInclude Include="..\..\..\3rdparty\TUIO_CPP\oscpack\ip\IpEndpointName.h">
      <Filter>TUIO</Filter>
    </ClInclude>
    <ClInclude Include="..\..\..\3rdparty\TUIO_CPP\oscpack\ip\NetworkingUtils.h">
      <Filter>TUIO</Filter>
    </ClInclude>
    <ClInclude Include="..\..\..\3rdparty\TUIO_CPP\oscpack\ip\PacketListener.h">
      <Filter>TUIO</Filter>
    </ClInclude>
    <ClInclude Include="..\..\..\3rdparty\TUIO_CPP\oscpack\ip\TimerListener.h">
      <Filter>TUIO</Filter>
    </ClInclude>
    <ClInclude Include="..\..\..\3rdparty\TUIO_CPP\oscpack\ip\UdpSocket.h">
      <Filter>TUIO</Filter>
    </ClInclude>
  </ItemGroup>
</Project>