
Microsoft Visual Studio Solution File, Format Version 11.00
# Visual Studio 2010
Project("{8BC9CEB8-8B4A-11D0-8D11-00A0C91BC942}") = "MyUniverse", "MyUniverse\MyUniverse.vcxproj", "{3D2415B1-2BED-4E62-8733-400936764CFF}"
	ProjectSection(ProjectDependencies) = postProject
		{AC5F4083-3012-474B-9519-263DC6ED9406} = {AC5F4083-3012-474B-9519-263DC6ED9406}
		{6C0DF790-FA8E-451B-9250-F8CF00581BB8} = {6C0DF790-FA8E-451B-9250-F8CF00581BB8}
	EndProjectSection
EndProject
Project("{8BC9CEB8-8B4A-11D0-8D11-00A0C91BC942}") = "GlbCore", "GlbCore\GlbCore.vcxproj", "{6C0DF790-FA8E-451B-9250-F8CF00581BB8}"
	ProjectSection(ProjectDependencies) = postProject
		{9772690B-282A-4AEB-A0B0-CB61359702D5} = {9772690B-282A-4AEB-A0B0-CB61359702D5}
	EndProjectSection
EndProject
Project("{8BC9CEB8-8B4A-11D0-8D11-00A0C91BC942}") = "ConsoleTest", "ConsoleTest\ConsoleTest.vcxproj", "{74733630-1FAF-4829-8634-36F1B34783D3}"
	ProjectSection(ProjectDependencies) = postProject
		{6C0DF790-FA8E-451B-9250-F8CF00581BB8} = {6C0DF790-FA8E-451B-9250-F8CF00581BB8}
	EndProjectSection
EndProject
Project("{8BC9CEB8-8B4A-11D0-8D11-00A0C91BC942}") = "GlbRot", "GlbRot\GlbRot.vcxproj", "{9772690B-282A-4AEB-A0B0-CB61359702D5}"
	ProjectSection(ProjectDependencies) = postProject
		{AC5F4083-3012-474B-9519-263DC6ED9406} = {AC5F4083-3012-474B-9519-263DC6ED9406}
	EndProjectSection
EndProject
Project("{FAE04EC0-301F-11D3-BF4B-00C04F79EFBC}") = "MyUniverseControl", "MyUniverseControl\MyUniverseControl.csproj", "{BD48AB45-1968-464F-ADB2-EEA3FFBAEC8C}"
EndProject
Project("{FAE04EC0-301F-11D3-BF4B-00C04F79EFBC}") = "MyUniverseControlTest", "MyUniverseControlTest\MyUniverseControlTest.csproj", "{50D5ED6B-E714-481A-8B2D-EC5A51FECB91}"
	ProjectSection(ProjectDependencies) = postProject
		{BD48AB45-1968-464F-ADB2-EEA3FFBAEC8C} = {BD48AB45-1968-464F-ADB2-EEA3FFBAEC8C}
	EndProjectSection
EndProject
Project("{8BC9CEB8-8B4A-11D0-8D11-00A0C91BC942}") = "GlbKt", "GlbKt\GlbKt.vcxproj", "{85DCE37E-A7F8-44D5-9B09-CE9E09AA97E6}"
EndProject
Project("{8BC9CEB8-8B4A-11D0-8D11-00A0C91BC942}") = "Ktmfc", "Ktmfc\Ktmfc.vcxproj", "{AC5F4083-3012-474B-9519-263DC6ED9406}"
EndProject
Project("{8BC9CEB8-8B4A-11D0-8D11-00A0C91BC942}") = "KeyGen", "KeyGen\KeyGen.vcxproj", "{A1AD1E23-B83F-4688-966E-F91F03584573}"
EndProject
Project("{8BC9CEB8-8B4A-11D0-8D11-00A0C91BC942}") = "Demo1102", "Demo1102\Demo1102.vcxproj", "{4070BA76-1150-4B60-B115-51D633CE57A8}"
	ProjectSection(ProjectDependencies) = postProject
		{6C0DF790-FA8E-451B-9250-F8CF00581BB8} = {6C0DF790-FA8E-451B-9250-F8CF00581BB8}
		{562CFAAA-4575-4BC2-A65C-B3B668928C07} = {562CFAAA-4575-4BC2-A65C-B3B668928C07}
		{F4AE94EB-DADA-4FA6-9F8A-95698A688AF2} = {F4AE94EB-DADA-4FA6-9F8A-95698A688AF2}
	EndProjectSection
EndProject
Project("{8BC9CEB8-8B4A-11D0-8D11-00A0C91BC942}") = "GlbTouch", "GlbTouch\GlbTouch.vcxproj", "{562CFAAA-4575-4BC2-A65C-B3B668928C07}"
EndProject
Project("{FAE04EC0-301F-11D3-BF4B-00C04F79EFBC}") = "WeatherForecastHelper", "WeatherForecastHelper\WeatherForecastHelper.csproj", "{80915A66-1F9F-4CAC-AA42-E24882134CB6}"
EndProject
Project("{FAE04EC0-301F-11D3-BF4B-00C04F79EFBC}") = "text2ImageGenerator", "text2ImageGenerator\text2ImageGenerator.csproj", "{F4AE94EB-DADA-4FA6-9F8A-95698A688AF2}"
EndProject
Project("{8BC9CEB8-8B4A-11D0-8D11-00A0C91BC942}") = "4DGlobe", "4DGlobe\4DGlobe.vcxproj", "{9A005A04-317C-4643-8E29-74B7C8824883}"
EndProject
Project("{8BC9CEB8-8B4A-11D0-8D11-00A0C91BC942}") = "GlbFrame", "GlbFrame\GlbFrame.vcxproj", "{123D0382-88FC-4458-BBA5-A2746FFEFB04}"
EndProject
Global
	GlobalSection(SolutionConfigurationPlatforms) = preSolution
		Debug|Any CPU = Debug|Any CPU
		Debug|Mixed Platforms = Debug|Mixed Platforms
		Debug|Win32 = Debug|Win32
		Debug|x86 = Debug|x86
		Release|Any CPU = Release|Any CPU
		Release|Mixed Platforms = Release|Mixed Platforms
		Release|Win32 = Release|Win32
		Release|x86 = Release|x86
	EndGlobalSection
	GlobalSection(ProjectConfigurationPlatforms) = postSolution
		{3D2415B1-2BED-4E62-8733-400936764CFF}.Debug|Any CPU.ActiveCfg = Debug|Win32
		{3D2415B1-2BED-4E62-8733-400936764CFF}.Debug|Mixed Platforms.ActiveCfg = Debug|Win32
		{3D2415B1-2BED-4E62-8733-400936764CFF}.Debug|Mixed Platforms.Build.0 = Debug|Win32
		{3D2415B1-2BED-4E62-8733-400936764CFF}.Debug|Win32.ActiveCfg = Debug|Win32
		{3D2415B1-2BED-4E62-8733-400936764CFF}.Debug|Win32.Build.0 = Debug|Win32
		{3D2415B1-2BED-4E62-8733-400936764CFF}.Debug|x86.ActiveCfg = Debug|Win32
		{3D2415B1-2BED-4E62-8733-400936764CFF}.Release|Any CPU.ActiveCfg = Release|Win32
		{3D2415B1-2BED-4E62-8733-400936764CFF}.Release|Mixed Platforms.ActiveCfg = Release|Win32
		{3D2415B1-2BED-4E62-8733-400936764CFF}.Release|Mixed Platforms.Build.0 = Release|Win32
		{3D2415B1-2BED-4E62-8733-400936764CFF}.Release|Win32.ActiveCfg = Release|Win32
		{3D2415B1-2BED-4E62-8733-400936764CFF}.Release|Win32.Build.0 = Release|Win32
		{3D2415B1-2BED-4E62-8733-400936764CFF}.Release|x86.ActiveCfg = Release|Win32
		{6C0DF790-FA8E-451B-9250-F8CF00581BB8}.Debug|Any CPU.ActiveCfg = Debug|Win32
		{6C0DF790-FA8E-451B-9250-F8CF00581BB8}.Debug|Mixed Platforms.ActiveCfg = Debug|Win32
		{6C0DF790-FA8E-451B-9250-F8CF00581BB8}.Debug|Mixed Platforms.Build.0 = Debug|Win32
		{6C0DF790-FA8E-451B-9250-F8CF00581BB8}.Debug|Win32.ActiveCfg = Debug|Win32
		{6C0DF790-FA8E-451B-9250-F8CF00581BB8}.Debug|Win32.Build.0 = Debug|Win32
		{6C0DF790-FA8E-451B-9250-F8CF00581BB8}.Debug|x86.ActiveCfg = Debug|Win32
		{6C0DF790-FA8E-451B-9250-F8CF00581BB8}.Release|Any CPU.ActiveCfg = Release|Win32
		{6C0DF790-FA8E-451B-9250-F8CF00581BB8}.Release|Mixed Platforms.ActiveCfg = Release|Win32
		{6C0DF790-FA8E-451B-9250-F8CF00581BB8}.Release|Mixed Platforms.Build.0 = Release|Win32
		{6C0DF790-FA8E-451B-9250-F8CF00581BB8}.Release|Win32.ActiveCfg = Release|Win32
		{6C0DF790-FA8E-451B-9250-F8CF00581BB8}.Release|Win32.Build.0 = Release|Win32
		{6C0DF790-FA8E-451B-9250-F8CF00581BB8}.Release|x86.ActiveCfg = Release|Win32
		{74733630-1FAF-4829-8634-36F1B34783D3}.Debug|Any CPU.ActiveCfg = Debug|Win32
		{74733630-1FAF-4829-8634-36F1B34783D3}.Debug|Mixed Platforms.ActiveCfg = Debug|Win32
		{74733630-1FAF-4829-8634-36F1B34783D3}.Debug|Mixed Platforms.Build.0 = Debug|Win32
		{74733630-1FAF-4829-8634-36F1B34783D3}.Debug|Win32.ActiveCfg = Debug|Win32
		{74733630-1FAF-4829-8634-36F1B34783D3}.Debug|Win32.Build.0 = Debug|Win32
		{74733630-1FAF-4829-8634-36F1B34783D3}.Debug|x86.ActiveCfg = Debug|Win32
		{74733630-1FAF-4829-8634-36F1B34783D3}.Release|Any CPU.ActiveCfg = Release|Win32
		{74733630-1FAF-4829-8634-36F1B34783D3}.Release|Mixed Platforms.ActiveCfg = Release|Win32
		{74733630-1FAF-4829-8634-36F1B34783D3}.Release|Mixed Platforms.Build.0 = Release|Win32
		{74733630-1FAF-4829-8634-36F1B34783D3}.Release|Win32.ActiveCfg = Release|Win32
		{74733630-1FAF-4829-8634-36F1B34783D3}.Release|Win32.Build.0 = Release|Win32
		{74733630-1FAF-4829-8634-36F1B34783D3}.Release|x86.ActiveCfg = Release|Win32
		{9772690B-282A-4AEB-A0B0-CB61359702D5}.Debug|Any CPU.ActiveCfg = Debug|Win32
		{9772690B-282A-4AEB-A0B0-CB61359702D5}.Debug|Mixed Platforms.ActiveCfg = Debug|Win32
		{9772690B-282A-4AEB-A0B0-CB61359702D5}.Debug|Mixed Platforms.Build.0 = Debug|Win32
		{9772690B-282A-4AEB-A0B0-CB61359702D5}.Debug|Win32.ActiveCfg = Debug|Win32
		{9772690B-282A-4AEB-A0B0-CB61359702D5}.Debug|Win32.Build.0 = Debug|Win32
		{9772690B-282A-4AEB-A0B0-CB61359702D5}.Debug|x86.ActiveCfg = Debug|Win32
		{9772690B-282A-4AEB-A0B0-CB61359702D5}.Release|Any CPU.ActiveCfg = Release|Win32
		{9772690B-282A-4AEB-A0B0-CB61359702D5}.Release|Mixed Platforms.ActiveCfg = Release|Win32
		{9772690B-282A-4AEB-A0B0-CB61359702D5}.Release|Mixed Platforms.Build.0 = Release|Win32
		{9772690B-282A-4AEB-A0B0-CB61359702D5}.Release|Win32.ActiveCfg = Release|Win32
		{9772690B-282A-4AEB-A0B0-CB61359702D5}.Release|Win32.Build.0 = Release|Win32
		{9772690B-282A-4AEB-A0B0-CB61359702D5}.Release|x86.ActiveCfg = Release|Win32
		{BD48AB45-1968-464F-ADB2-EEA3FFBAEC8C}.Debug|Any CPU.ActiveCfg = Debug|Any CPU
		{BD48AB45-1968-464F-ADB2-EEA3FFBAEC8C}.Debug|Any CPU.Build.0 = Debug|Any CPU
		{BD48AB45-1968-464F-ADB2-EEA3FFBAEC8C}.Debug|Mixed Platforms.ActiveCfg = Debug|Any CPU
		{BD48AB45-1968-464F-ADB2-EEA3FFBAEC8C}.Debug|Mixed Platforms.Build.0 = Debug|Any CPU
		{BD48AB45-1968-464F-ADB2-EEA3FFBAEC8C}.Debug|Win32.ActiveCfg = Debug|Any CPU
		{BD48AB45-1968-464F-ADB2-EEA3FFBAEC8C}.Debug|x86.ActiveCfg = Debug|Any CPU
		{BD48AB45-1968-464F-ADB2-EEA3FFBAEC8C}.Release|Any CPU.ActiveCfg = Release|Any CPU
		{BD48AB45-1968-464F-ADB2-EEA3FFBAEC8C}.Release|Any CPU.Build.0 = Release|Any CPU
		{BD48AB45-1968-464F-ADB2-EEA3FFBAEC8C}.Release|Mixed Platforms.ActiveCfg = Release|Any CPU
		{BD48AB45-1968-464F-ADB2-EEA3FFBAEC8C}.Release|Mixed Platforms.Build.0 = Release|Any CPU
		{BD48AB45-1968-464F-ADB2-EEA3FFBAEC8C}.Release|Win32.ActiveCfg = Release|Any CPU
		{BD48AB45-1968-464F-ADB2-EEA3FFBAEC8C}.Release|x86.ActiveCfg = Release|Any CPU
		{50D5ED6B-E714-481A-8B2D-EC5A51FECB91}.Debug|Any CPU.ActiveCfg = Debug|x86
		{50D5ED6B-E714-481A-8B2D-EC5A51FECB91}.Debug|Mixed Platforms.ActiveCfg = Debug|x86
		{50D5ED6B-E714-481A-8B2D-EC5A51FECB91}.Debug|Mixed Platforms.Build.0 = Debug|x86
		{50D5ED6B-E714-481A-8B2D-EC5A51FECB91}.Debug|Win32.ActiveCfg = Debug|x86
		{50D5ED6B-E714-481A-8B2D-EC5A51FECB91}.Debug|x86.ActiveCfg = Debug|x86
		{50D5ED6B-E714-481A-8B2D-EC5A51FECB91}.Debug|x86.Build.0 = Debug|x86
		{50D5ED6B-E714-481A-8B2D-EC5A51FECB91}.Release|Any CPU.ActiveCfg = Release|x86
		{50D5ED6B-E714-481A-8B2D-EC5A51FECB91}.Release|Mixed Platforms.ActiveCfg = Release|x86
		{50D5ED6B-E714-481A-8B2D-EC5A51FECB91}.Release|Mixed Platforms.Build.0 = Release|x86
		{50D5ED6B-E714-481A-8B2D-EC5A51FECB91}.Release|Win32.ActiveCfg = Release|x86
		{50D5ED6B-E714-481A-8B2D-EC5A51FECB91}.Release|x86.ActiveCfg = Release|x86
		{50D5ED6B-E714-481A-8B2D-EC5A51FECB91}.Release|x86.Build.0 = Release|x86
		{85DCE37E-A7F8-44D5-9B09-CE9E09AA97E6}.Debug|Any CPU.ActiveCfg = Debug|Win32
		{85DCE37E-A7F8-44D5-9B09-CE9E09AA97E6}.Debug|Mixed Platforms.ActiveCfg = Debug|Win32
		{85DCE37E-A7F8-44D5-9B09-CE9E09AA97E6}.Debug|Mixed Platforms.Build.0 = Debug|Win32
		{85DCE37E-A7F8-44D5-9B09-CE9E09AA97E6}.Debug|Win32.ActiveCfg = Debug|Win32
		{85DCE37E-A7F8-44D5-9B09-CE9E09AA97E6}.Debug|Win32.Build.0 = Debug|Win32
		{85DCE37E-A7F8-44D5-9B09-CE9E09AA97E6}.Debug|x86.ActiveCfg = Debug|Win32
		{85DCE37E-A7F8-44D5-9B09-CE9E09AA97E6}.Release|Any CPU.ActiveCfg = Release|Win32
		{85DCE37E-A7F8-44D5-9B09-CE9E09AA97E6}.Release|Mixed Platforms.ActiveCfg = Release|Win32
		{85DCE37E-A7F8-44D5-9B09-CE9E09AA97E6}.Release|Mixed Platforms.Build.0 = Release|Win32
		{85DCE37E-A7F8-44D5-9B09-CE9E09AA97E6}.Release|Win32.ActiveCfg = Release|Win32
		{85DCE37E-A7F8-44D5-9B09-CE9E09AA97E6}.Release|Win32.Build.0 = Release|Win32
		{85DCE37E-A7F8-44D5-9B09-CE9E09AA97E6}.Release|x86.ActiveCfg = Release|Win32
		{AC5F4083-3012-474B-9519-263DC6ED9406}.Debug|Any CPU.ActiveCfg = Debug|Win32
		{AC5F4083-3012-474B-9519-263DC6ED9406}.Debug|Mixed Platforms.ActiveCfg = Debug|Win32
		{AC5F4083-3012-474B-9519-263DC6ED9406}.Debug|Mixed Platforms.Build.0 = Debug|Win32
		{AC5F4083-3012-474B-9519-263DC6ED9406}.Debug|Win32.ActiveCfg = Debug|Win32
		{AC5F4083-3012-474B-9519-263DC6ED9406}.Debug|Win32.Build.0 = Debug|Win32
		{AC5F4083-3012-474B-9519-263DC6ED9406}.Debug|x86.ActiveCfg = Debug|Win32
		{AC5F4083-3012-474B-9519-263DC6ED9406}.Release|Any CPU.ActiveCfg = Release|Win32
		{AC5F4083-3012-474B-9519-263DC6ED9406}.Release|Mixed Platforms.ActiveCfg = Release|Win32
		{AC5F4083-3012-474B-9519-263DC6ED9406}.Release|Mixed Platforms.Build.0 = Release|Win32
		{AC5F4083-3012-474B-9519-263DC6ED9406}.Release|Win32.ActiveCfg = Release|Win32
		{AC5F4083-3012-474B-9519-263DC6ED9406}.Release|Win32.Build.0 = Release|Win32
		{AC5F4083-3012-474B-9519-263DC6ED9406}.Release|x86.ActiveCfg = Release|Win32
		{A1AD1E23-B83F-4688-966E-F91F03584573}.Debug|Any CPU.ActiveCfg = Debug|Win32
		{A1AD1E23-B83F-4688-966E-F91F03584573}.Debug|Mixed Platforms.ActiveCfg = Debug|Win32
		{A1AD1E23-B83F-4688-966E-F91F03584573}.Debug|Mixed Platforms.Build.0 = Debug|Win32
		{A1AD1E23-B83F-4688-966E-F91F03584573}.Debug|Win32.ActiveCfg = Debug|Win32
		{A1AD1E23-B83F-4688-966E-F91F03584573}.Debug|Win32.Build.0 = Debug|Win32
		{A1AD1E23-B83F-4688-966E-F91F03584573}.Debug|x86.ActiveCfg = Debug|Win32
		{A1AD1E23-B83F-4688-966E-F91F03584573}.Release|Any CPU.ActiveCfg = Release|Win32
		{A1AD1E23-B83F-4688-966E-F91F03584573}.Release|Mixed Platforms.ActiveCfg = Release|Win32
		{A1AD1E23-B83F-4688-966E-F91F03584573}.Release|Mixed Platforms.Build.0 = Release|Win32
		{A1AD1E23-B83F-4688-966E-F91F03584573}.Release|Win32.ActiveCfg = Release|Win32
		{A1AD1E23-B83F-4688-966E-F91F03584573}.Release|Win32.Build.0 = Release|Win32
		{A1AD1E23-B83F-4688-966E-F91F03584573}.Release|x86.ActiveCfg = Release|Win32
		{4070BA76-1150-4B60-B115-51D633CE57A8}.Debug|Any CPU.ActiveCfg = Debug|Win32
		{4070BA76-1150-4B60-B115-51D633CE57A8}.Debug|Mixed Platforms.ActiveCfg = Debug|Win32
		{4070BA76-1150-4B60-B115-51D633CE57A8}.Debug|Mixed Platforms.Build.0 = Debug|Win32
		{4070BA76-1150-4B60-B115-51D633CE57A8}.Debug|Win32.ActiveCfg = Debug|Win32
		{4070BA76-1150-4B60-B115-51D633CE57A8}.Debug|Win32.Build.0 = Debug|Win32
		{4070BA76-1150-4B60-B115-51D633CE57A8}.Debug|x86.ActiveCfg = Debug|Win32
		{4070BA76-1150-4B60-B115-51D633CE57A8}.Release|Any CPU.ActiveCfg = Release|Win32
		{4070BA76-1150-4B60-B115-51D633CE57A8}.Release|Mixed Platforms.ActiveCfg = Release|Win32
		{4070BA76-1150-4B60-B115-51D633CE57A8}.Release|Mixed Platforms.Build.0 = Release|Win32
		{4070BA76-1150-4B60-B115-51D633CE57A8}.Release|Win32.ActiveCfg = Release|Win32
		{4070BA76-1150-4B60-B115-51D633CE57A8}.Release|Win32.Build.0 = Release|Win32
		{4070BA76-1150-4B60-B115-51D633CE57A8}.Release|x86.ActiveCfg = Release|Win32
		{562CFAAA-4575-4BC2-A65C-B3B668928C07}.Debug|Any CPU.ActiveCfg = Debug|Win32
		{562CFAAA-4575-4BC2-A65C-B3B668928C07}.Debug|Mixed Platforms.ActiveCfg = Debug|Win32
		{562CFAAA-4575-4BC2-A65C-B3B668928C07}.Debug|Mixed Platforms.Build.0 = Debug|Win32
		{562CFAAA-4575-4BC2-A65C-B3B668928C07}.Debug|Win32.ActiveCfg = Debug|Win32
		{562CFAAA-4575-4BC2-A65C-B3B668928C07}.Debug|Win32.Build.0 = Debug|Win32
		{562CFAAA-4575-4BC2-A65C-B3B668928C07}.Debug|x86.ActiveCfg = Debug|Win32
		{562CFAAA-4575-4BC2-A65C-B3B668928C07}.Release|Any CPU.ActiveCfg = Release|Win32
		{562CFAAA-4575-4BC2-A65C-B3B668928C07}.Release|Mixed Platforms.ActiveCfg = Release|Win32
		{562CFAAA-4575-4BC2-A65C-B3B668928C07}.Release|Mixed Platforms.Build.0 = Release|Win32
		{562CFAAA-4575-4BC2-A65C-B3B668928C07}.Release|Win32.ActiveCfg = Release|Win32
		{562CFAAA-4575-4BC2-A65C-B3B668928C07}.Release|Win32.Build.0 = Release|Win32
		{562CFAAA-4575-4BC2-A65C-B3B668928C07}.Release|x86.ActiveCfg = Release|Win32
		{80915A66-1F9F-4CAC-AA42-E24882134CB6}.Debug|Any CPU.ActiveCfg = Debug|Any CPU
		{80915A66-1F9F-4CAC-AA42-E24882134CB6}.Debug|Any CPU.Build.0 = Debug|Any CPU
		{80915A66-1F9F-4CAC-AA42-E24882134CB6}.Debug|Mixed Platforms.ActiveCfg = Debug|Any CPU
		{80915A66-1F9F-4CAC-AA42-E24882134CB6}.Debug|Mixed Platforms.Build.0 = Debug|Any CPU
		{80915A66-1F9F-4CAC-AA42-E24882134CB6}.Debug|Win32.ActiveCfg = Debug|Any CPU
		{80915A66-1F9F-4CAC-AA42-E24882134CB6}.Debug|x86.ActiveCfg = Debug|Any CPU
		{80915A66-1F9F-4CAC-AA42-E24882134CB6}.Release|Any CPU.ActiveCfg = Release|Any CPU
		{80915A66-1F9F-4CAC-AA42-E24882134CB6}.Release|Any CPU.Build.0 = Release|Any CPU
		{80915A66-1F9F-4CAC-AA42-E24882134CB6}.Release|Mixed Platforms.ActiveCfg = Release|Any CPU
		{80915A66-1F9F-4CAC-AA42-E24882134CB6}.Release|Mixed Platforms.Build.0 = Release|Any CPU
		{80915A66-1F9F-4CAC-AA42-E24882134CB6}.Release|Win32.ActiveCfg = Release|Any CPU
		{80915A66-1F9F-4CAC-AA42-E24882134CB6}.Release|x86.ActiveCfg = Release|Any CPU
		{F4AE94EB-DADA-4FA6-9F8A-95698A688AF2}.Debug|Any CPU.ActiveCfg = Debug|x86
		{F4AE94EB-DADA-4FA6-9F8A-95698A688AF2}.Debug|Mixed Platforms.ActiveCfg = Debug|x86
		{F4AE94EB-DADA-4FA6-9F8A-95698A688AF2}.Debug|Mixed Platforms.Build.0 = Debug|x86
		{F4AE94EB-DADA-4FA6-9F8A-95698A688AF2}.Debug|Win32.ActiveCfg = Debug|x86
		{F4AE94EB-DADA-4FA6-9F8A-95698A688AF2}.Debug|x86.ActiveCfg = Debug|x86
		{F4AE94EB-DADA-4FA6-9F8A-95698A688AF2}.Debug|x86.Build.0 = Debug|x86
		{F4AE94EB-DADA-4FA6-9F8A-95698A688AF2}.Release|Any CPU.ActiveCfg = Release|x86
		{F4AE94EB-DADA-4FA6-9F8A-95698A688AF2}.Release|Mixed Platforms.ActiveCfg = Release|x86
		{F4AE94EB-DADA-4FA6-9F8A-95698A688AF2}.Release|Mixed Platforms.Build.0 = Release|x86
		{F4AE94EB-DADA-4FA6-9F8A-95698A688AF2}.Release|Win32.ActiveCfg = Release|x86
		{F4AE94EB-DADA-4FA6-9F8A-95698A688AF2}.Release|x86.ActiveCfg = Release|x86
		{F4AE94EB-DADA-4FA6-9F8A-95698A688AF2}.Release|x86.Build.0 = Release|x86
		{9A005A04-317C-4643-8E29-74B7C8824883}.Debug|Any CPU.ActiveCfg = Debug|Win32
		{9A005A04-317C-4643-8E29-74B7C8824883}.Debug|Mixed Platforms.ActiveCfg = Debug|Win32
		{9A005A04-317C-4643-8E29-74B7C8824883}.Debug|Mixed Platforms.Build.0 = Debug|Win32
		{9A005A04-317C-4643-8E29-74B7C8824883}.Debug|Win32.ActiveCfg = Debug|Win32
		{9A005A04-317C-4643-8E29-74B7C8824883}.Debug|Win32.Build.0 = Debug|Win32
		{9A005A04-317C-4643-8E29-74B7C8824883}.Debug|x86.ActiveCfg = Debug|Win32
		{9A005A04-317C-4643-8E29-74B7C8824883}.Release|Any CPU.ActiveCfg = Release|Win32
		{9A005A04-317C-4643-8E29-74B7C8824883}.Release|Mixed Platforms.ActiveCfg = Release|Win32
		{9A005A04-317C-4643-8E29-74B7C8824883}.Release|Mixed Platforms.Build.0 = Release|Win32
		{9A005A04-317C-4643-8E29-74B7C8824883}.Release|Win32.ActiveCfg = Release|Win32
		{9A005A04-317C-4643-8E29-74B7C8824883}.Release|Win32.Build.0 = Release|Win32
		{9A005A04-317C-4643-8E29-74B7C8824883}.Release|x86.ActiveCfg = Release|Win32
		{123D0382-88FC-4458-BBA5-A2746FFEFB04}.Debug|Any CPU.ActiveCfg = Debug|Win32
		{123D0382-88FC-4458-BBA5-A2746FFEFB04}.Debug|Mixed Platforms.ActiveCfg = Debug|Win32
		{123D0382-88FC-4458-BBA5-A2746FFEFB04}.Debug|Mixed Platforms.Build.0 = Debug|Win32
		{123D0382-88FC-4458-BBA5-A2746FFEFB04}.Debug|Win32.ActiveCfg = Debug|Win32
		{123D0382-88FC-4458-BBA5-A2746FFEFB04}.Debug|Win32.Build.0 = Debug|Win32
		{123D0382-88FC-4458-BBA5-A2746FFEFB04}.Debug|x86.ActiveCfg = Debug|Win32
		{123D0382-88FC-4458-BBA5-A2746FFEFB04}.Release|Any CPU.ActiveCfg = Release|Win32
		{123D0382-88FC-4458-BBA5-A2746FFEFB04}.Release|Mixed Platforms.ActiveCfg = Release|Win32
		{123D0382-88FC-4458-BBA5-A2746FFEFB04}.Release|Mixed Platforms.Build.0 = Release|Win32
		{123D0382-88FC-4458-BBA5-A2746FFEFB04}.Release|Win32.ActiveCfg = Release|Win32
		{123D0382-88FC-4458-BBA5-A2746FFEFB04}.Release|Win32.Build.0 = Release|Win32
		{123D0382-88FC-4458-BBA5-A2746FFEFB04}.Release|x86.ActiveCfg = Release|Win32
	EndGlobalSection
	GlobalSection(SolutionProperties) = preSolution
		HideSolutionNode = FALSE
	EndGlobalSection
EndGlobal
